
Microsoft Visual Studio Solution File, Format Version 12.00
# Visual Studio 15
Project("{FAE04EC0-301F-11D3-BF4B-00C04F79EFBC}") = "KartGame", "KartGame.csproj", "{BEBABF1E-5AE6-D8D1-621D-44B087A7869C}"
EndProject
Project("{FAE04EC0-301F-11D3-BF4B-00C04F79EFBC}") = "Assembly-CSharp", "Assembly-CSharp.csproj", "{66A2CF8C-7F51-1B67-8F3A-776190FC79DC}"
EndProject
Project("{FAE04EC0-301F-11D3-BF4B-00C04F79EFBC}") = "MLAgentsToolKit", "MLAgentsToolKit.csproj", "{6E1D6729-513A-37DB-E568-93C151F8312A}"
EndProject
Project("{FAE04EC0-301F-11D3-BF4B-00C04F79EFBC}") = "KartGame.AI", "KartGame.AI.csproj", "{8E57B97A-788A-485F-F759-52D7453D1662}"
EndProject
Project("{FAE04EC0-301F-11D3-BF4B-00C04F79EFBC}") = "Assembly-CSharp-firstpass", "Assembly-CSharp-firstpass.csproj", "{772BBEAF-B1C2-E190-4544-902BDBA34B4A}"
EndProject
Project("{FAE04EC0-301F-11D3-BF4B-00C04F79EFBC}") = "MLAgentsToolKit.Editor", "MLAgentsToolKit.Editor.csproj", "{DB6BA985-7839-F6C1-56AB-F2500C52C9DE}"
EndProject
Project("{FAE04EC0-301F-11D3-BF4B-00C04F79EFBC}") = "KartGame.Editor", "KartGame.Editor.csproj", "{5BAB934A-E645-2B6B-0EE4-CCB66BC608FE}"
EndProject
Project("{FAE04EC0-301F-11D3-BF4B-00C04F79EFBC}") = "KartGame.AI.Editor", "KartGame.AI.Editor.csproj", "{CFEE3B10-00AF-EF2D-D381-7EEF947E15CA}"
EndProject
Global
	GlobalSection(SolutionConfigurationPlatforms) = preSolution
		Debug|Any CPU = Debug|Any CPU
		Release|Any CPU = Release|Any CPU
	EndGlobalSection
	GlobalSection(ProjectConfigurationPlatforms) = postSolution
		{BEBABF1E-5AE6-D8D1-621D-44B087A7869C}.Debug|Any CPU.ActiveCfg = Debug|Any CPU
		{BEBABF1E-5AE6-D8D1-621D-44B087A7869C}.Debug|Any CPU.Build.0 = Debug|Any CPU
		{BEBABF1E-5AE6-D8D1-621D-44B087A7869C}.Release|Any CPU.ActiveCfg = Release|Any CPU
		{BEBABF1E-5AE6-D8D1-621D-44B087A7869C}.Release|Any CPU.Build.0 = Release|Any CPU
		{66A2CF8C-7F51-1B67-8F3A-776190FC79DC}.Debug|Any CPU.ActiveCfg = Debug|Any CPU
		{66A2CF8C-7F51-1B67-8F3A-776190FC79DC}.Debug|Any CPU.Build.0 = Debug|Any CPU
		{66A2CF8C-7F51-1B67-8F3A-776190FC79DC}.Release|Any CPU.ActiveCfg = Release|Any CPU
		{66A2CF8C-7F51-1B67-8F3A-776190FC79DC}.Release|Any CPU.Build.0 = Release|Any CPU
		{6E1D6729-513A-37DB-E568-93C151F8312A}.Debug|Any CPU.ActiveCfg = Debug|Any CPU
		{6E1D6729-513A-37DB-E568-93C151F8312A}.Debug|Any CPU.Build.0 = Debug|Any CPU
		{6E1D6729-513A-37DB-E568-93C151F8312A}.Release|Any CPU.ActiveCfg = Release|Any CPU
		{6E1D6729-513A-37DB-E568-93C151F8312A}.Release|Any CPU.Build.0 = Release|Any CPU
		{8E57B97A-788A-485F-F759-52D7453D1662}.Debug|Any CPU.ActiveCfg = Debug|Any CPU
		{8E57B97A-788A-485F-F759-52D7453D1662}.Debug|Any CPU.Build.0 = Debug|Any CPU
		{8E57B97A-788A-485F-F759-52D7453D1662}.Release|Any CPU.ActiveCfg = Release|Any CPU
		{8E57B97A-788A-485F-F759-52D7453D1662}.Release|Any CPU.Build.0 = Release|Any CPU
		{772BBEAF-B1C2-E190-4544-902BDBA34B4A}.Debug|Any CPU.ActiveCfg = Debug|Any CPU
		{772BBEAF-B1C2-E190-4544-902BDBA34B4A}.Debug|Any CPU.Build.0 = Debug|Any CPU
		{772BBEAF-B1C2-E190-4544-902BDBA34B4A}.Release|Any CPU.ActiveCfg = Release|Any CPU
		{772BBEAF-B1C2-E190-4544-902BDBA34B4A}.Release|Any CPU.Build.0 = Release|Any CPU
		{DB6BA985-7839-F6C1-56AB-F2500C52C9DE}.Debug|Any CPU.ActiveCfg = Debug|Any CPU
		{DB6BA985-7839-F6C1-56AB-F2500C52C9DE}.Debug|Any CPU.Build.0 = Debug|Any CPU
		{DB6BA985-7839-F6C1-56AB-F2500C52C9DE}.Release|Any CPU.ActiveCfg = Release|Any CPU
		{DB6BA985-7839-F6C1-56AB-F2500C52C9DE}.Release|Any CPU.Build.0 = Release|Any CPU
		{5BAB934A-E645-2B6B-0EE4-CCB66BC608FE}.Debug|Any CPU.ActiveCfg = Debug|Any CPU
		{5BAB934A-E645-2B6B-0EE4-CCB66BC608FE}.Debug|Any CPU.Build.0 = Debug|Any CPU
		{5BAB934A-E645-2B6B-0EE4-CCB66BC608FE}.Release|Any CPU.ActiveCfg = Release|Any CPU
		{5BAB934A-E645-2B6B-0EE4-CCB66BC608FE}.Release|Any CPU.Build.0 = Release|Any CPU
		{CFEE3B10-00AF-EF2D-D381-7EEF947E15CA}.Debug|Any CPU.ActiveCfg = Debug|Any CPU
		{CFEE3B10-00AF-EF2D-D381-7EEF947E15CA}.Debug|Any CPU.Build.0 = Debug|Any CPU
		{CFEE3B10-00AF-EF2D-D381-7EEF947E15CA}.Release|Any CPU.ActiveCfg = Release|Any CPU
		{CFEE3B10-00AF-EF2D-D381-7EEF947E15CA}.Release|Any CPU.Build.0 = Release|Any CPU
	EndGlobalSection
	GlobalSection(SolutionProperties) = preSolution
		HideSolutionNode = FALSE
	EndGlobalSection
EndGlobal
